Microsoft Visual Studio Solution File, Format Version 12.00
# Visual Studio Version 16
VisualStudioVersion = 16.0.29411.138
MinimumVisualStudioVersion = 10.0.40219.1
Project("{9A19103F-16F7-4668-BE54-9A1E7A4F7556}") = "Engage.Digital.Client", "src\Engage.Digital.Client\Engage.Digital.Client.csproj", "{B9BF225D-C2F4-4311-9E7A-D2252A141F4B}"
EndProject
Project("{9A19103F-16F7-4668-BE54-9A1E7A4F7556}") = "Engage.Digital.Client.Test", "src\Engage.Digital.Client.Test\Engage.Digital.Client.Test.csproj", "{2904C0B0-9F85-4460-8188-CA1501FDAE84}"
EndProject
Project("{2150E333-8FDC-42A3-9474-1A3956D46DE8}") = "Solution Items", "Solution Items", "{B2CE42BE-BE49-4C80-B590-56460F9AE000}"
	ProjectSection(SolutionItems) = preProject
		README.md = README.md
	EndProjectSection
EndProject
Global
	GlobalSection(SolutionConfigurationPlatforms) = preSolution
		Debug|Any CPU = Debug|Any CPU
		Release|Any CPU = Release|Any CPU
	EndGlobalSection
	GlobalSection(ProjectConfigurationPlatforms) = postSolution
		{B9BF225D-C2F4-4311-9E7A-D2252A141F4B}.Debug|Any CPU.ActiveCfg = Debug|Any CPU
		{B9BF225D-C2F4-4311-9E7A-D2252A141F4B}.Debug|Any CPU.Build.0 = Debug|Any CPU
		{B9BF225D-C2F4-4311-9E7A-D2252A141F4B}.Release|Any CPU.ActiveCfg = Release|Any CPU
		{B9BF225D-C2F4-4311-9E7A-D2252A141F4B}.Release|Any CPU.Build.0 = Release|Any CPU
		{2904C0B0-9F85-4460-8188-CA1501FDAE84}.Debug|Any CPU.ActiveCfg = Debug|Any CPU
		{2904C0B0-9F85-4460-8188-CA1501FDAE84}.Debug|Any CPU.Build.0 = Debug|Any CPU
		{2904C0B0-9F85-4460-8188-CA1501FDAE84}.Release|Any CPU.ActiveCfg = Release|Any CPU
		{2904C0B0-9F85-4460-8188-CA1501FDAE84}.Release|Any CPU.Build.0 = Release|Any CPU
	EndGlobalSection
	GlobalSection(SolutionProperties) = preSolution
		HideSolutionNode = FALSE
	EndGlobalSection
	GlobalSection(ExtensibilityGlobals) = postSolution
		SolutionGuid = {384CD1D4-2E02-43B1-9099-B3EB50A8A4BA}
	EndGlobalSection
EndGlobal
